
Microsoft Visual Studio Solution File, Format Version 12.00
# Visual Studio Version 17
VisualStudioVersion = 17.0.32112.339
MinimumVisualStudioVersion = 10.0.40219.1
Project("{FAE04EC0-301F-11D3-BF4B-00C04F79EFBC}") = "TS_AN_LAB_8_task2_", "TS_AN_LAB_8_task2_\TS_AN_LAB_8_task2_.csproj", "{FAC4B64A-ED71-4C8A-9B58-677451B4E5EC}"
EndProject
Global
	GlobalSection(SolutionConfigurationPlatforms) = preSolution
		Debug|Any CPU = Debug|Any CPU
		Release|Any CPU = Release|Any CPU
	EndGlobalSection
	GlobalSection(ProjectConfigurationPlatforms) = postSolution
		{FAC4B64A-ED71-4C8A-9B58-677451B4E5EC}.Debug|Any CPU.ActiveCfg = Debug|Any CPU
		{FAC4B64A-ED71-4C8A-9B58-677451B4E5EC}.Debug|Any CPU.Build.0 = Debug|Any CPU
		{FAC4B64A-ED71-4C8A-9B58-677451B4E5EC}.Release|Any CPU.ActiveCfg = Release|Any CPU
		{FAC4B64A-ED71-4C8A-9B58-677451B4E5EC}.Release|Any CPU.Build.0 = Release|Any CPU
	EndGlobalSection
	GlobalSection(SolutionProperties) = preSolution
		HideSolutionNode = FALSE
	EndGlobalSection
	GlobalSection(ExtensibilityGlobals) = postSolution
		SolutionGuid = {E29BAE9D-1400-4360-BB70-DB824F9281D2}
	EndGlobalSection
EndGlobal
